// !$*UTF8*$!
{
	archiveVersion = 1;
	classes = {
	};
	objectVersion = 46;
	objects = {

/* Begin PBXBuildFile section */
		A73EEC681F33325E0073BB71 /* OpenGL.framework in Frameworks */ = {isa = PBXBuildFile; fileRef = A73EEC671F33325E0073BB71 /* OpenGL.framework */; };
		A73EEC6A1F33328D0073BB71 /* libglfw.3.2.dylib in Frameworks */ = {isa = PBXBuildFile; fileRef = A73EEC691F33328D0073BB71 /* libglfw.3.2.dylib */; };
		A76A4EEC1F377EDC00E4B420 /* file_system.cpp in Sources */ = {isa = PBXBuildFile; fileRef = A76A4EEA1F377EDC00E4B420 /* file_system.cpp */; };
		A76A4EF21F38C7FA00E4B420 /* shader.cpp in Sources */ = {isa = PBXBuildFile; fileRef = A76A4EF01F38C7FA00E4B420 /* shader.cpp */; };
		A76A4EF81F3B497700E4B420 /* texture.cpp in Sources */ = {isa = PBXBuildFile; fileRef = A76A4EF61F3B497700E4B420 /* texture.cpp */; };
		A778F26E1F3334EB0056D09A /* main.cpp in Sources */ = {isa = PBXBuildFile; fileRef = A73EEC621F33310B0073BB71 /* main.cpp */; };
		A778F2701F3334F80056D09A /* display.cpp in Sources */ = {isa = PBXBuildFile; fileRef = A73EEC601F33310B0073BB71 /* display.cpp */; };
/* End PBXBuildFile section */

/* Begin PBXCopyFilesBuildPhase section */
		A73EEC541F3330AA0073BB71 /* CopyFiles */ = {
			isa = PBXCopyFilesBuildPhase;
			buildActionMask = 2147483647;
			dstPath = /usr/share/man/man1/;
			dstSubfolderSpec = 0;
			files = (
			);
			runOnlyForDeploymentPostprocessing = 1;
		};
/* End PBXCopyFilesBuildPhase section */

/* Begin PBXFileReference section */
		A73EEC5F1F33310B0073BB71 /* config.h */ = {isa = PBXFileReference; fileEncoding = 4; lastKnownFileType = sourcecode.c.h; path = config.h; sourceTree = "<group>"; };
		A73EEC601F33310B0073BB71 /* display.cpp */ = {isa = PBXFileReference; fileEncoding = 4; lastKnownFileType = sourcecode.cpp.cpp; path = display.cpp; sourceTree = "<group>"; };
		A73EEC611F33310B0073BB71 /* display.h */ = {isa = PBXFileReference; fileEncoding = 4; lastKnownFileType = sourcecode.c.h; path = display.h; sourceTree = "<group>"; };
		A73EEC621F33310B0073BB71 /* main.cpp */ = {isa = PBXFileReference; fileEncoding = 4; indentWidth = 2; lastKnownFileType = sourcecode.cpp.cpp; path = main.cpp; sourceTree = "<group>"; tabWidth = 2; };
		A73EEC651F33324B0073BB71 /* c-graphics */ = {isa = PBXFileReference; explicitFileType = "compiled.mach-o.executable"; includeInIndex = 0; path = "c-graphics"; sourceTree = BUILT_PRODUCTS_DIR; };
		A73EEC671F33325E0073BB71 /* OpenGL.framework */ = {isa = PBXFileReference; lastKnownFileType = wrapper.framework; name = OpenGL.framework; path = System/Library/Frameworks/OpenGL.framework; sourceTree = SDKROOT; };
		A73EEC691F33328D0073BB71 /* libglfw.3.2.dylib */ = {isa = PBXFileReference; lastKnownFileType = "compiled.mach-o.dylib"; name = libglfw.3.2.dylib; path = ../../../../../../../usr/local/Cellar/glfw/3.2.1/lib/libglfw.3.2.dylib; sourceTree = "<group>"; };
		A76A4EEA1F377EDC00E4B420 /* file_system.cpp */ = {isa = PBXFileReference; fileEncoding = 4; lastKnownFileType = sourcecode.cpp.cpp; path = file_system.cpp; sourceTree = "<group>"; };
		A76A4EEB1F377EDC00E4B420 /* file_system.h */ = {isa = PBXFileReference; fileEncoding = 4; lastKnownFileType = sourcecode.c.h; path = file_system.h; sourceTree = "<group>"; };
		A76A4EF01F38C7FA00E4B420 /* shader.cpp */ = {isa = PBXFileReference; fileEncoding = 4; lastKnownFileType = sourcecode.cpp.cpp; path = shader.cpp; sourceTree = "<group>"; };
		A76A4EF11F38C7FA00E4B420 /* shader.h */ = {isa = PBXFileReference; fileEncoding = 4; lastKnownFileType = sourcecode.c.h; path = shader.h; sourceTree = "<group>"; };
		A76A4EF61F3B497700E4B420 /* texture.cpp */ = {isa = PBXFileReference; fileEncoding = 4; lastKnownFileType = sourcecode.cpp.cpp; path = texture.cpp; sourceTree = "<group>"; };
		A76A4EF71F3B497700E4B420 /* texture.h */ = {isa = PBXFileReference; fileEncoding = 4; lastKnownFileType = sourcecode.c.h; path = texture.h; sourceTree = "<group>"; };
/* End PBXFileReference section */

/* Begin PBXFrameworksBuildPhase section */
		A73EEC531F3330AA0073BB71 /* Frameworks */ = {
			isa = PBXFrameworksBuildPhase;
			buildActionMask = 2147483647;
			files = (
				A73EEC6A1F33328D0073BB71 /* libglfw.3.2.dylib in Frameworks */,
				A73EEC681F33325E0073BB71 /* OpenGL.framework in Frameworks */,
			);
			runOnlyForDeploymentPostprocessing = 0;
		};
/* End PBXFrameworksBuildPhase section */

/* Begin PBXGroup section */
		A73EEC4B1F3330750073BB71 = {
			isa = PBXGroup;
			children = (
				A73EEC5E1F33310B0073BB71 /* source */,
				A73EEC651F33324B0073BB71 /* c-graphics */,
				A73EEC661F33325E0073BB71 /* Frameworks */,
			);
			sourceTree = "<group>";
		};
		A73EEC5E1F33310B0073BB71 /* source */ = {
			isa = PBXGroup;
			children = (
				A76A4EF61F3B497700E4B420 /* texture.cpp */,
				A76A4EF71F3B497700E4B420 /* texture.h */,
				A76A4EF01F38C7FA00E4B420 /* shader.cpp */,
				A76A4EF11F38C7FA00E4B420 /* shader.h */,
				A76A4EEA1F377EDC00E4B420 /* file_system.cpp */,
				A76A4EEB1F377EDC00E4B420 /* file_system.h */,
				A73EEC5F1F33310B0073BB71 /* config.h */,
				A73EEC601F33310B0073BB71 /* display.cpp */,
				A73EEC611F33310B0073BB71 /* display.h */,
				A73EEC621F33310B0073BB71 /* main.cpp */,
			);
			name = source;
			path = ../../../source;
			sourceTree = "<group>";
		};
		A73EEC661F33325E0073BB71 /* Frameworks */ = {
			isa = PBXGroup;
			children = (
				A73EEC691F33328D0073BB71 /* libglfw.3.2.dylib */,
				A73EEC671F33325E0073BB71 /* OpenGL.framework */,
			);
			name = Frameworks;
			sourceTree = "<group>";
		};
/* End PBXGroup section */

/* Begin PBXNativeTarget section */
		A73EEC551F3330AA0073BB71 /* c-graphics */ = {
			isa = PBXNativeTarget;
			buildConfigurationList = A73EEC5B1F3330AA0073BB71 /* Build configuration list for PBXNativeTarget "c-graphics" */;
			buildPhases = (
				A73EEC521F3330AA0073BB71 /* Sources */,
				A73EEC531F3330AA0073BB71 /* Frameworks */,
				A73EEC541F3330AA0073BB71 /* CopyFiles */,
			);
			buildRules = (
			);
			dependencies = (
			);
			name = "c-graphics";
			productName = "c-graphics";
			productReference = A73EEC651F33324B0073BB71 /* c-graphics */;
			productType = "com.apple.product-type.tool";
		};
/* End PBXNativeTarget section */

/* Begin PBXProject section */
		A73EEC4C1F3330750073BB71 /* Project object */ = {
			isa = PBXProject;
			attributes = {
				LastUpgradeCheck = 0830;
				TargetAttributes = {
					A73EEC551F3330AA0073BB71 = {
						CreatedOnToolsVersion = 8.3.3;
						ProvisioningStyle = Automatic;
					};
				};
			};
			buildConfigurationList = A73EEC4F1F3330750073BB71 /* Build configuration list for PBXProject "c-graphics" */;
			compatibilityVersion = "Xcode 3.2";
			developmentRegion = English;
			hasScannedForEncodings = 0;
			knownRegions = (
				en,
			);
			mainGroup = A73EEC4B1F3330750073BB71;
			productRefGroup = A73EEC4B1F3330750073BB71;
			projectDirPath = "";
			projectRoot = "";
			targets = (
				A73EEC551F3330AA0073BB71 /* c-graphics */,
			);
		};
/* End PBXProject section */

/* Begin PBXSourcesBuildPhase section */
		A73EEC521F3330AA0073BB71 /* Sources */ = {
			isa = PBXSourcesBuildPhase;
			buildActionMask = 2147483647;
			files = (
				A778F2701F3334F80056D09A /* display.cpp in Sources */,
				A76A4EEC1F377EDC00E4B420 /* file_system.cpp in Sources */,
				A76A4EF81F3B497700E4B420 /* texture.cpp in Sources */,
				A76A4EF21F38C7FA00E4B420 /* shader.cpp in Sources */,
				A778F26E1F3334EB0056D09A /* main.cpp in Sources */,
			);
			runOnlyForDeploymentPostprocessing = 0;
		};
/* End PBXSourcesBuildPhase section */

/* Begin XCBuildConfiguration section */
		A73EEC501F3330750073BB71 /* Debug */ = {
			isa = XCBuildConfiguration;
			buildSettings = {
			};
			name = Debug;
		};
		A73EEC511F3330750073BB71 /* Release */ = {
			isa = XCBuildConfiguration;
			buildSettings = {
			};
			name = Release;
		};
		A73EEC5C1F3330AA0073BB71 /* Debug */ = {
			isa = XCBuildConfiguration;
			buildSettings = {
				ALWAYS_SEARCH_USER_PATHS = NO;
				CLANG_ANALYZER_NONNULL = YES;
				CLANG_ANALYZER_NUMBER_OBJECT_CONVERSION = YES_AGGRESSIVE;
				CLANG_CXX_LANGUAGE_STANDARD = "gnu++0x";
				CLANG_CXX_LIBRARY = "libc++";
				CLANG_ENABLE_MODULES = YES;
				CLANG_ENABLE_OBJC_ARC = YES;
				CLANG_WARN_BOOL_CONVERSION = YES;
				CLANG_WARN_CONSTANT_CONVERSION = YES;
				CLANG_WARN_DIRECT_OBJC_ISA_USAGE = YES_ERROR;
				CLANG_WARN_DOCUMENTATION_COMMENTS = YES;
				CLANG_WARN_EMPTY_BODY = YES;
				CLANG_WARN_ENUM_CONVERSION = YES;
				CLANG_WARN_INFINITE_RECURSION = YES;
				CLANG_WARN_INT_CONVERSION = YES;
				CLANG_WARN_OBJC_ROOT_CLASS = YES_ERROR;
				CLANG_WARN_SUSPICIOUS_MOVE = YES;
				CLANG_WARN_UNREACHABLE_CODE = YES;
				CLANG_WARN__DUPLICATE_METHOD_MATCH = YES;
				CODE_SIGN_IDENTITY = "-";
				COPY_PHASE_STRIP = NO;
				DEBUG_INFORMATION_FORMAT = dwarf;
				ENABLE_STRICT_OBJC_MSGSEND = YES;
				ENABLE_TESTABILITY = YES;
				GCC_C_LANGUAGE_STANDARD = gnu99;
				GCC_DYNAMIC_NO_PIC = NO;
				GCC_NO_COMMON_BLOCKS = YES;
				GCC_OPTIMIZATION_LEVEL = 0;
				GCC_PREPROCESSOR_DEFINITIONS = (
					"DEBUG=1",
					"$(inherited)",
				);
				GCC_WARN_64_TO_32_BIT_CONVERSION = YES;
				GCC_WARN_ABOUT_RETURN_TYPE = YES_ERROR;
				GCC_WARN_UNDECLARED_SELECTOR = YES;
				GCC_WARN_UNINITIALIZED_AUTOS = YES_AGGRESSIVE;
				GCC_WARN_UNUSED_FUNCTION = YES;
				GCC_WARN_UNUSED_VARIABLE = YES;
				HEADER_SEARCH_PATHS = (
					/usr/local/include,
					../../../include,
				);
				LIBRARY_SEARCH_PATHS = (
					"$(inherited)",
					/usr/local/Cellar/glfw/3.2.1/lib,
				);
				MACOSX_DEPLOYMENT_TARGET = 10.12;
				MTL_ENABLE_DEBUG_INFO = YES;
				ONLY_ACTIVE_ARCH = YES;
				PRODUCT_NAME = "$(TARGET_NAME)";
				SDKROOT = macosx;
			};
			name = Debug;
		};
		A73EEC5D1F3330AA0073BB71 /* Release */ = {
			isa = XCBuildConfiguration;
			buildSettings = {
				ALWAYS_SEARCH_USER_PATHS = NO;
				CLANG_ANALYZER_NONNULL = YES;
				CLANG_ANALYZER_NUMBER_OBJECT_CONVERSION = YES_AGGRESSIVE;
				CLANG_CXX_LANGUAGE_STANDARD = "gnu++0x";
				CLANG_CXX_LIBRARY = "libc++";
				CLANG_ENABLE_MODULES = YES;
				CLANG_ENABLE_OBJC_ARC = YES;
				CLANG_WARN_BOOL_CONVERSION = YES;
				CLANG_WARN_CONSTANT_CONVERSION = YES;
				CLANG_WARN_DIRECT_OBJC_ISA_USAGE = YES_ERROR;
				CLANG_WARN_DOCUMENTATION_COMMENTS = YES;
				CLANG_WARN_EMPTY_BODY = YES;
				CLANG_WARN_ENUM_CONVERSION = YES;
				CLANG_WARN_INFINITE_RECURSION = YES;
				CLANG_WARN_INT_CONVERSION = YES;
				CLANG_WARN_OBJC_ROOT_CLASS = YES_ERROR;
				CLANG_WARN_SUSPICIOUS_MOVE = YES;
				CLANG_WARN_UNREACHABLE_CODE = YES;
				CLANG_WARN__DUPLICATE_METHOD_MATCH = YES;
				CODE_SIGN_IDENTITY = "-";
				COPY_PHASE_STRIP = NO;
				DEBUG_INFORMATION_FORMAT = "dwarf-with-dsym";
				ENABLE_NS_ASSERTIONS = NO;
				ENABLE_STRICT_OBJC_MSGSEND = YES;
				GCC_C_LANGUAGE_STANDARD = gnu99;
				GCC_NO_COMMON_BLOCKS = YES;
				GCC_WARN_64_TO_32_BIT_CONVERSION = YES;
				GCC_WARN_ABOUT_RETURN_TYPE = YES_ERROR;
				GCC_WARN_UNDECLARED_SELECTOR = YES;
				GCC_WARN_UNINITIALIZED_AUTOS = YES_AGGRESSIVE;
				GCC_WARN_UNUSED_FUNCTION = YES;
				GCC_WARN_UNUSED_VARIABLE = YES;
				HEADER_SEARCH_PATHS = (
					/usr/local/include,
					../../../include,
				);
				LIBRARY_SEARCH_PATHS = (
					"$(inherited)",
					/usr/local/Cellar/glfw/3.2.1/lib,
				);
				MACOSX_DEPLOYMENT_TARGET = 10.12;
				MTL_ENABLE_DEBUG_INFO = NO;
				PRODUCT_NAME = "$(TARGET_NAME)";
				SDKROOT = macosx;
			};
			name = Release;
		};
/* End XCBuildConfiguration section */

/* Begin XCConfigurationList section */
		A73EEC4F1F3330750073BB71 /* Build configuration list for PBXProject "c-graphics" */ = {
			isa = XCConfigurationList;
			buildConfigurations = (
				A73EEC501F3330750073BB71 /* Debug */,
				A73EEC511F3330750073BB71 /* Release */,
			);
			defaultConfigurationIsVisible = 0;
			defaultConfigurationName = Release;
		};
		A73EEC5B1F3330AA0073BB71 /* Build configuration list for PBXNativeTarget "c-graphics" */ = {
			isa = XCConfigurationList;
			buildConfigurations = (
				A73EEC5C1F3330AA0073BB71 /* Debug */,
				A73EEC5D1F3330AA0073BB71 /* Release */,
			);
			defaultConfigurationIsVisible = 0;
			defaultConfigurationName = Release;
		};
/* End XCConfigurationList section */
	};
	rootObject = A73EEC4C1F3330750073BB71 /* Project object */;
}
